
Microsoft Visual Studio Solution File, Format Version 12.00
# Visual Studio 14
VisualStudioVersion = 14.0.25123.0
MinimumVisualStudioVersion = 10.0.40219.1
Project("{FAE04EC0-301F-11D3-BF4B-00C04F79EFBC}") = "InterfaceContractsExample", "InterfaceContractsExample\InterfaceContractsExample.csproj", "{AA6C2ADD-DF4C-46CC-9D5C-59A3277A1ABD}"
EndProject
Project("{FAE04EC0-301F-11D3-BF4B-00C04F79EFBC}") = "InterfaceContractsExample.Tests", "InterfaceContractsExample.Tests\InterfaceContractsExample.Tests.csproj", "{2ACDF367-BE10-494E-84D8-6AC8E6F9BACE}"
EndProject
Global
	GlobalSection(SolutionConfigurationPlatforms) = preSolution
		Debug|Any CPU = Debug|Any CPU
		Release|Any CPU = Release|Any CPU
	EndGlobalSection
	GlobalSection(ProjectConfigurationPlatforms) = postSolution
		{AA6C2ADD-DF4C-46CC-9D5C-59A3277A1ABD}.Debug|Any CPU.ActiveCfg = Debug|Any CPU
		{AA6C2ADD-DF4C-46CC-9D5C-59A3277A1ABD}.Debug|Any CPU.Build.0 = Debug|Any CPU
		{AA6C2ADD-DF4C-46CC-9D5C-59A3277A1ABD}.Release|Any CPU.ActiveCfg = Release|Any CPU
		{AA6C2ADD-DF4C-46CC-9D5C-59A3277A1ABD}.Release|Any CPU.Build.0 = Release|Any CPU
		{2ACDF367-BE10-494E-84D8-6AC8E6F9BACE}.Debug|Any CPU.ActiveCfg = Debug|Any CPU
		{2ACDF367-BE10-494E-84D8-6AC8E6F9BACE}.Debug|Any CPU.Build.0 = Debug|Any CPU
		{2ACDF367-BE10-494E-84D8-6AC8E6F9BACE}.Release|Any CPU.ActiveCfg = Release|Any CPU
		{2ACDF367-BE10-494E-84D8-6AC8E6F9BACE}.Release|Any CPU.Build.0 = Release|Any CPU
	EndGlobalSection
	GlobalSection(SolutionProperties) = preSolution
		HideSolutionNode = FALSE
	EndGlobalSection
EndGlobal
